# This file is automatically @generated by Poetry and should not be changed by hand.

[[package]]
name = "certifi"
version = "2019.3.9"
description = "Python package for providing Mozilla's CA Bundle."
category = "main"
optional = false
python-versions = "*"
files = [
    {file = "certifi-2019.3.9-py2.py3-none-any.whl", hash = "sha256:59b7658e26ca9c7339e00f8f4636cdfe59d34fa37b9b04f6f9e9926b3cece1a5"},
    {file = "certifi-2019.3.9.tar.gz", hash = "sha256:b26104d6835d1f5e49452a26eb2ff87fe7090b89dfcaee5ea2212697e1e1d7ae"},
]

[[package]]
name = "cffi"
version = "1.12.2"
description = "Foreign Function Interface for Python calling C code."
category = "main"
optional = false
python-versions = "*"
files = [
    {file = "cffi-1.12.2-cp27-cp27m-macosx_10_6_intel.whl", hash = "sha256:fb6934ef4744becbda3143d30c6604718871495a5e36c408431bf33d9c146889"},
    {file = "cffi-1.12.2-cp27-cp27m-manylinux1_i686.whl", hash = "sha256:e21162bf941b85c0cda08224dade5def9360f53b09f9f259adb85fc7dd0e7b35"},
    {file = "cffi-1.12.2-cp27-cp27m-manylinux1_x86_64.whl", hash = "sha256:2f9089979d7456c74d21303c7851f158833d48fb265876923edcb2d0194104ed"},
    {file = "cffi-1.12.2-cp27-cp27m-win32.whl", hash = "sha256:c2e1f2012e56d61390c0e668c20c4fb0ae667c44d6f6a2eeea5d7148dcd3df9f"},
    {file = "cffi-1.12.2-cp27-cp27m-win_amd64.whl", hash = "sha256:0bffb69da295a4fc3349f2ec7cbe16b8ba057b0a593a92cbe8396e535244ee9d"},
    {file = "cffi-1.12.2-cp27-cp27mu-manylinux1_i686.whl", hash = "sha256:2eac2cdd07b9049dd4e68449b90d3ef1adc7c759463af5beb53a84f1db62e36c"},
    {file = "cffi-1.12.2-cp27-cp27mu-manylinux1_x86_64.whl", hash = "sha256:8fc7a49b440ea752cfdf1d51a586fd08d395ff7a5d555dc69e84b1939f7ddee3"},
    {file = "cffi-1.12.2-cp34-cp34m-macosx_10_6_intel.whl", hash = "sha256:59888faac06403767c0cf8cfb3f4a777b2939b1fbd9f729299b5384f097f05ea"},
    {file = "cffi-1.12.2-cp34-cp34m-manylinux1_i686.whl", hash = "sha256:71e1296d5e66c59cd2c0f2d72dc476d42afe02aeddc833d8e05630a0551dad7a"},
    {file = "cffi-1.12.2-cp34-cp34m-manylinux1_x86_64.whl", hash = "sha256:9c759051ebcb244d9d55ee791259ddd158188d15adee3c152502d3b69005e6bd"},
    {file = "cffi-1.12.2-cp34-cp34m-win32.whl", hash = "sha256:0ba1b0c90f2124459f6966a10c03794082a2f3985cd699d7d63c4a8dae113e11"},
    {file = "cffi-1.12.2-cp34-cp34m-win_amd64.whl", hash = "sha256:51a4ba1256e9003a3acf508e3b4f4661bebd015b8180cc31849da222426ef585"},
    {file = "cffi-1.12.2-cp35-cp35m-macosx_10_6_intel.whl", hash = "sha256:59c87886640574d8b14910840327f5cd15954e26ed0bbd4e7cef95fa5aef218f"},
    {file = "cffi-1.12.2-cp35-cp35m-manylinux1_i686.whl", hash = "sha256:2e4812f7fa984bf1ab253a40f1f4391b604f7fc424a3e21f7de542a7f8f7aedf"},
    {file = "cffi-1.12.2-cp35-cp35m-manylinux1_x86_64.whl", hash = "sha256:4065c32b52f4b142f417af6f33a5024edc1336aa845b9d5a8d86071f6fcaac5a"},
    {file = "cffi-1.12.2-cp35-cp35m-win32.whl", hash = "sha256:c37c77d6562074452120fc6c02ad86ec928f5710fbc435a181d69334b4de1d84"},
    {file = "cffi-1.12.2-cp35-cp35m-win_amd64.whl", hash = "sha256:70aeadeecb281ea901bf4230c6222af0248c41044d6f57401a614ea59d96d145"},
    {file = "cffi-1.12.2-cp36-cp36m-macosx_10_6_intel.whl", hash = "sha256:3dd13feff00bddb0bd2d650cdb7338f815c1789a91a6f68fdc00e5c5ed40329b"},
    {file = "cffi-1.12.2-cp36-cp36m-manylinux1_i686.whl", hash = "sha256:cbeeef1dc3c4299bd746b774f019de9e4672f7cc666c777cd5b409f0b746dac7"},
    {file = "cffi-1.12.2-cp36-cp36m-manylinux1_x86_64.whl", hash = "sha256:c8149780c60f8fd02752d0429246088c6c04e234b895c4a42e1ea9b4de8d27fb"},
    {file = "cffi-1.12.2-cp36-cp36m-win32.whl", hash = "sha256:610fc7d6db6c56a244c2701575f6851461753c60f73f2de89c79bbf1cc807f33"},
    {file = "cffi-1.12.2-cp36-cp36m-win_amd64.whl", hash = "sha256:00b97afa72c233495560a0793cdc86c2571721b4271c0667addc83c417f3d90f"},
    {file = "cffi-1.12.2-cp37-cp37m-macosx_10_9_x86_64.whl", hash = "sha256:b4f1d6332339ecc61275bebd1f7b674098a66fea11a00c84d1c58851e618dc0d"},
    {file = "cffi-1.12.2-cp37-cp37m-manylinux1_i686.whl", hash = "sha256:21469a2b1082088d11ccd79dd84157ba42d940064abbfa59cf5f024c19cf4891"},
    {file = "cffi-1.12.2-cp37-cp37m-manylinux1_x86_64.whl", hash = "sha256:b4d1011fec5ec12aa7cc10c05a2f2f12dfa0adfe958e56ae38dc140614035804"},
    {file = "cffi-1.12.2-cp37-cp37m-win32.whl", hash = "sha256:c030cda3dc8e62b814831faa4eb93dd9a46498af8cd1d5c178c2de856972fd92"},
    {file = "cffi-1.12.2-cp37-cp37m-win_amd64.whl", hash = "sha256:9b5c2afd2d6e3771d516045a6cfa11a8da9a60e3d128746a7fe9ab36dfe7221f"},
    {file = "cffi-1.12.2.tar.gz", hash = "sha256:e113878a446c6228669144ae8a56e268c91b7f1fafae927adc4879d9849e0ea7"},
]

[package.dependencies]
pycparser = "*"

[[package]]
name = "cryptography"
version = "41.0.0"
description = "cryptography is a package which provides cryptographic recipes and primitives to Python developers."
category = "main"
optional = false
python-versions = ">=3.7"
files = [
    {file = "cryptography-41.0.0-cp37-abi3-macosx_10_12_universal2.whl", hash = "sha256:3c5ef25d060c80d6d9f7f9892e1d41bb1c79b78ce74805b8cb4aa373cb7d5ec8"},
    {file = "cryptography-41.0.0-cp37-abi3-macosx_10_12_x86_64.whl", hash = "sha256:8362565b3835ceacf4dc8f3b56471a2289cf51ac80946f9087e66dc283a810e0"},
    {file = "cryptography-41.0.0-cp37-abi3-manylinux_2_17_aarch64.manylinux2014_aarch64.whl", hash = "sha256:3680248309d340fda9611498a5319b0193a8dbdb73586a1acf8109d06f25b92d"},
    {file = "cryptography-41.0.0-cp37-abi3-manylinux_2_17_x86_64.manylinux2014_x86_64.whl", hash = "sha256:84a165379cb9d411d58ed739e4af3396e544eac190805a54ba2e0322feb55c46"},
    {file = "cryptography-41.0.0-cp37-abi3-manylinux_2_28_aarch64.whl", hash = "sha256:4ab14d567f7bbe7f1cdff1c53d5324ed4d3fc8bd17c481b395db224fb405c237"},
    {file = "cryptography-41.0.0-cp37-abi3-manylinux_2_28_x86_64.whl", hash = "sha256:9f65e842cb02550fac96536edb1d17f24c0a338fd84eaf582be25926e993dde4"},
    {file = "cryptography-41.0.0-cp37-abi3-musllinux_1_1_aarch64.whl", hash = "sha256:b7f2f5c525a642cecad24ee8670443ba27ac1fab81bba4cc24c7b6b41f2d0c75"},
    {file = "cryptography-41.0.0-cp37-abi3-musllinux_1_1_x86_64.whl", hash = "sha256:7d92f0248d38faa411d17f4107fc0bce0c42cae0b0ba5415505df72d751bf62d"},
    {file = "cryptography-41.0.0-cp37-abi3-win32.whl", hash = "sha256:34d405ea69a8b34566ba3dfb0521379b210ea5d560fafedf9f800a9a94a41928"},
    {file = "cryptography-41.0.0-cp37-abi3-win_amd64.whl", hash = "sha256:344c6de9f8bda3c425b3a41b319522ba3208551b70c2ae00099c205f0d9fd3be"},
    {file = "cryptography-41.0.0-pp38-pypy38_pp73-macosx_10_12_x86_64.whl", hash = "sha256:88ff107f211ea696455ea8d911389f6d2b276aabf3231bf72c8853d22db755c5"},
    {file = "cryptography-41.0.0-pp38-pypy38_pp73-manylinux_2_28_aarch64.whl", hash = "sha256:b846d59a8d5a9ba87e2c3d757ca019fa576793e8758174d3868aecb88d6fc8eb"},
    {file = "cryptography-41.0.0-pp38-pypy38_pp73-manylinux_2_28_x86_64.whl", hash = "sha256:f5d0bf9b252f30a31664b6f64432b4730bb7038339bd18b1fafe129cfc2be9be"},
    {file = "cryptography-41.0.0-pp38-pypy38_pp73-win_amd64.whl", hash = "sha256:5c1f7293c31ebc72163a9a0df246f890d65f66b4a40d9ec80081969ba8c78cc9"},
    {file = "cryptography-41.0.0-pp39-pypy39_pp73-macosx_10_12_x86_64.whl", hash = "sha256:bf8fc66012ca857d62f6a347007e166ed59c0bc150cefa49f28376ebe7d992a2"},
    {file = "cryptography-41.0.0-pp39-pypy39_pp73-manylinux_2_28_aarch64.whl", hash = "sha256:a4fc68d1c5b951cfb72dfd54702afdbbf0fb7acdc9b7dc4301bbf2225a27714d"},
    {file = "cryptography-41.0.0-pp39-pypy39_pp73-manylinux_2_28_x86_64.whl", hash = "sha256:14754bcdae909d66ff24b7b5f166d69340ccc6cb15731670435efd5719294895"},
    {file = "cryptography-41.0.0-pp39-pypy39_pp73-win_amd64.whl", hash = "sha256:0ddaee209d1cf1f180f1efa338a68c4621154de0afaef92b89486f5f96047c55"},
    {file = "cryptography-41.0.0.tar.gz", hash = "sha256:6b71f64beeea341c9b4f963b48ee3b62d62d57ba93eb120e1196b31dc1025e78"},
]

[package.dependencies]
cffi = ">=1.12"

[package.extras]
docs = ["sphinx (>=5.3.0)", "sphinx-rtd-theme (>=1.1.1)"]
docstest = ["pyenchant (>=1.6.11)", "sphinxcontrib-spelling (>=4.0.1)", "twine (>=1.12.0)"]
nox = ["nox"]
pep8test = ["black", "check-sdist", "mypy", "ruff"]
sdist = ["build"]
ssh = ["bcrypt (>=3.1.5)"]
test = ["pretend", "pytest (>=6.2.0)", "pytest-benchmark", "pytest-cov", "pytest-xdist"]
test-randomorder = ["pytest-randomly"]

[[package]]
name = "future"
version = "0.17.1"
description = "Clean single-source support for Python 3 and 2"
category = "main"
optional = false
python-versions = ">=2.6, !=3.0.*, !=3.1.*, !=3.2.*"
files = [
    {file = "future-0.17.1.tar.gz", hash = "sha256:67045236dcfd6816dc439556d009594abf643e5eb48992e36beac09c2ca659b8"},
]

[[package]]
name = "pycparser"
version = "2.19"
description = "C parser in Python"
category = "main"
optional = false
python-versions = ">=2.7, !=3.0.*, !=3.1.*, !=3.2.*, !=3.3.*"
files = [
    {file = "pycparser-2.19.tar.gz", hash = "sha256:a988718abfad80b6b157acce7bf130a30876d27603738ac39f140993246b25b3"},
]

[[package]]
name = "python-telegram-bot"
version = "12.0.0b1"
description = "We have made you a wrapper you can't refuse"
category = "main"
optional = false
python-versions = "*"
files = [
    {file = "python-telegram-bot-12.0.0b1.tar.gz", hash = "sha256:a5a520ac3fbfda0f35ecfe3c953a2e220a4ef8a03e6117b46bd24d75580bd277"},
    {file = "python_telegram_bot-12.0.0b1-py2.py3-none-any.whl", hash = "sha256:29f7397ef7c697bc8a3bef3c26895879258d7a8257daf535259a2dd12b8a0f67"},
]

[package.dependencies]
certifi = "*"
cryptography = "*"
future = ">=0.16.0"
tornado = ">=5.1"

[package.extras]
json = ["ujson"]
socks = ["PySocks"]

[[package]]
name = "tornado"
version = "6.0.2"
description = "Tornado is a Python web framework and asynchronous networking library, originally developed at FriendFeed."
category = "main"
optional = false
python-versions = ">= 3.5"
files = [
    {file = "tornado-6.0.2-cp35-cp35m-win32.whl", hash = "sha256:44b82bc1146a24e5b9853d04c142576b4e8fa7a92f2e30bc364a85d1f75c4de2"},
    {file = "tornado-6.0.2-cp35-cp35m-win_amd64.whl", hash = "sha256:2613fab506bd2aedb3722c8c64c17f8f74f4070afed6eea17f20b2115e445aec"},
    {file = "tornado-6.0.2-cp36-cp36m-win32.whl", hash = "sha256:8c2f40b99a8153893793559919a355d7b74649a11e59f411b0b0a1793e160bc0"},
    {file = "tornado-6.0.2-cp36-cp36m-win_amd64.whl", hash = "sha256:e1d897889c3b5a829426b7d52828fb37b28bc181cd598624e65c8be40ee3f7fa"},
    {file = "tornado-6.0.2-cp37-cp37m-win32.whl", hash = "sha256:49603e1a6e24104961497ad0c07c799aec1caac7400a6762b687e74c8206677d"},
    {file = "tornado-6.0.2-cp37-cp37m-win_amd64.whl", hash = "sha256:1174dcb84d08887b55defb2cda1986faeeea715fff189ef3dc44cce99f5fca6b"},
    {file = "tornado-6.0.2.tar.gz", hash = "sha256:457fcbee4df737d2defc181b9073758d73f54a6cfc1f280533ff48831b39f4a8"},
]

[metadata]
lock-version = "2.0"
python-versions = "^3.7"
content-hash = "21224c89008f22013e586f0cdf1b6a127ee7a4120373d2998a72717117080df0"
