# This file is automatically @generated by Poetry 1.5.1 and should not be changed by hand.

[[package]]
name = "certifi"
version = "2019.3.9"
description = "Python package for providing Mozilla's CA Bundle."
optional = false
python-versions = "*"
files = [
    {file = "certifi-2019.3.9-py2.py3-none-any.whl", hash = "sha256:59b7658e26ca9c7339e00f8f4636cdfe59d34fa37b9b04f6f9e9926b3cece1a5"},
    {file = "certifi-2019.3.9.tar.gz", hash = "sha256:b26104d6835d1f5e49452a26eb2ff87fe7090b89dfcaee5ea2212697e1e1d7ae"},
]

[[package]]
name = "cffi"
version = "1.12.2"
description = "Foreign Function Interface for Python calling C code."
optional = false
python-versions = "*"
files = [
    {file = "cffi-1.12.2-cp27-cp27m-macosx_10_6_intel.whl", hash = "sha256:fb6934ef4744becbda3143d30c6604718871495a5e36c408431bf33d9c146889"},
    {file = "cffi-1.12.2-cp27-cp27m-manylinux1_i686.whl", hash = "sha256:e21162bf941b85c0cda08224dade5def9360f53b09f9f259adb85fc7dd0e7b35"},
    {file = "cffi-1.12.2-cp27-cp27m-manylinux1_x86_64.whl", hash = "sha256:2f9089979d7456c74d21303c7851f158833d48fb265876923edcb2d0194104ed"},
    {file = "cffi-1.12.2-cp27-cp27m-win32.whl", hash = "sha256:c2e1f2012e56d61390c0e668c20c4fb0ae667c44d6f6a2eeea5d7148dcd3df9f"},
    {file = "cffi-1.12.2-cp27-cp27m-win_amd64.whl", hash = "sha256:0bffb69da295a4fc3349f2ec7cbe16b8ba057b0a593a92cbe8396e535244ee9d"},
    {file = "cffi-1.12.2-cp27-cp27mu-manylinux1_i686.whl", hash = "sha256:2eac2cdd07b9049dd4e68449b90d3ef1adc7c759463af5beb53a84f1db62e36c"},
    {file = "cffi-1.12.2-cp27-cp27mu-manylinux1_x86_64.whl", hash = "sha256:8fc7a49b440ea752cfdf1d51a586fd08d395ff7a5d555dc69e84b1939f7ddee3"},
    {file = "cffi-1.12.2-cp34-cp34m-macosx_10_6_intel.whl", hash = "sha256:59888faac06403767c0cf8cfb3f4a777b2939b1fbd9f729299b5384f097f05ea"},
    {file = "cffi-1.12.2-cp34-cp34m-manylinux1_i686.whl", hash = "sha256:71e1296d5e66c59cd2c0f2d72dc476d42afe02aeddc833d8e05630a0551dad7a"},
    {file = "cffi-1.12.2-cp34-cp34m-manylinux1_x86_64.whl", hash = "sha256:9c759051ebcb244d9d55ee791259ddd158188d15adee3c152502d3b69005e6bd"},
    {file = "cffi-1.12.2-cp34-cp34m-win32.whl", hash = "sha256:0ba1b0c90f2124459f6966a10c03794082a2f3985cd699d7d63c4a8dae113e11"},
    {file = "cffi-1.12.2-cp34-cp34m-win_amd64.whl", hash = "sha256:51a4ba1256e9003a3acf508e3b4f4661bebd015b8180cc31849da222426ef585"},
    {file = "cffi-1.12.2-cp35-cp35m-macosx_10_6_intel.whl", hash = "sha256:59c87886640574d8b14910840327f5cd15954e26ed0bbd4e7cef95fa5aef218f"},
    {file = "cffi-1.12.2-cp35-cp35m-manylinux1_i686.whl", hash = "sha256:2e4812f7fa984bf1ab253a40f1f4391b604f7fc424a3e21f7de542a7f8f7aedf"},
    {file = "cffi-1.12.2-cp35-cp35m-manylinux1_x86_64.whl", hash = "sha256:4065c32b52f4b142f417af6f33a5024edc1336aa845b9d5a8d86071f6fcaac5a"},
    {file = "cffi-1.12.2-cp35-cp35m-win32.whl", hash = "sha256:c37c77d6562074452120fc6c02ad86ec928f5710fbc435a181d69334b4de1d84"},
    {file = "cffi-1.12.2-cp35-cp35m-win_amd64.whl", hash = "sha256:70aeadeecb281ea901bf4230c6222af0248c41044d6f57401a614ea59d96d145"},
    {file = "cffi-1.12.2-cp36-cp36m-macosx_10_6_intel.whl", hash = "sha256:3dd13feff00bddb0bd2d650cdb7338f815c1789a91a6f68fdc00e5c5ed40329b"},
    {file = "cffi-1.12.2-cp36-cp36m-manylinux1_i686.whl", hash = "sha256:cbeeef1dc3c4299bd746b774f019de9e4672f7cc666c777cd5b409f0b746dac7"},
    {file = "cffi-1.12.2-cp36-cp36m-manylinux1_x86_64.whl", hash = "sha256:c8149780c60f8fd02752d0429246088c6c04e234b895c4a42e1ea9b4de8d27fb"},
    {file = "cffi-1.12.2-cp36-cp36m-win32.whl", hash = "sha256:610fc7d6db6c56a244c2701575f6851461753c60f73f2de89c79bbf1cc807f33"},
    {file = "cffi-1.12.2-cp36-cp36m-win_amd64.whl", hash = "sha256:00b97afa72c233495560a0793cdc86c2571721b4271c0667addc83c417f3d90f"},
    {file = "cffi-1.12.2-cp37-cp37m-macosx_10_9_x86_64.whl", hash = "sha256:b4f1d6332339ecc61275bebd1f7b674098a66fea11a00c84d1c58851e618dc0d"},
    {file = "cffi-1.12.2-cp37-cp37m-manylinux1_i686.whl", hash = "sha256:21469a2b1082088d11ccd79dd84157ba42d940064abbfa59cf5f024c19cf4891"},
    {file = "cffi-1.12.2-cp37-cp37m-manylinux1_x86_64.whl", hash = "sha256:b4d1011fec5ec12aa7cc10c05a2f2f12dfa0adfe958e56ae38dc140614035804"},
    {file = "cffi-1.12.2-cp37-cp37m-win32.whl", hash = "sha256:c030cda3dc8e62b814831faa4eb93dd9a46498af8cd1d5c178c2de856972fd92"},
    {file = "cffi-1.12.2-cp37-cp37m-win_amd64.whl", hash = "sha256:9b5c2afd2d6e3771d516045a6cfa11a8da9a60e3d128746a7fe9ab36dfe7221f"},
    {file = "cffi-1.12.2.tar.gz", hash = "sha256:e113878a446c6228669144ae8a56e268c91b7f1fafae927adc4879d9849e0ea7"},
]

[package.dependencies]
pycparser = "*"

[[package]]
name = "cryptography"
version = "41.0.3"
description = "cryptography is a package which provides cryptographic recipes and primitives to Python developers."
optional = false
python-versions = ">=3.7"
files = [
    {file = "cryptography-41.0.3-cp37-abi3-macosx_10_12_universal2.whl", hash = "sha256:652627a055cb52a84f8c448185922241dd5217443ca194d5739b44612c5e6507"},
    {file = "cryptography-41.0.3-cp37-abi3-macosx_10_12_x86_64.whl", hash = "sha256:8f09daa483aedea50d249ef98ed500569841d6498aa9c9f4b0531b9964658922"},
    {file = "cryptography-41.0.3-cp37-abi3-manylinux_2_17_aarch64.manylinux2014_aarch64.whl", hash = "sha256:4fd871184321100fb400d759ad0cddddf284c4b696568204d281c902fc7b0d81"},
    {file = "cryptography-41.0.3-cp37-abi3-manylinux_2_17_x86_64.manylinux2014_x86_64.whl", hash = "sha256:84537453d57f55a50a5b6835622ee405816999a7113267739a1b4581f83535bd"},
    {file = "cryptography-41.0.3-cp37-abi3-manylinux_2_28_aarch64.whl", hash = "sha256:3fb248989b6363906827284cd20cca63bb1a757e0a2864d4c1682a985e3dca47"},
    {file = "cryptography-41.0.3-cp37-abi3-manylinux_2_28_x86_64.whl", hash = "sha256:42cb413e01a5d36da9929baa9d70ca90d90b969269e5a12d39c1e0d475010116"},
    {file = "cryptography-41.0.3-cp37-abi3-musllinux_1_1_aarch64.whl", hash = "sha256:aeb57c421b34af8f9fe830e1955bf493a86a7996cc1338fe41b30047d16e962c"},
    {file = "cryptography-41.0.3-cp37-abi3-musllinux_1_1_x86_64.whl", hash = "sha256:6af1c6387c531cd364b72c28daa29232162010d952ceb7e5ca8e2827526aceae"},
    {file = "cryptography-41.0.3-cp37-abi3-win32.whl", hash = "sha256:0d09fb5356f975974dbcb595ad2d178305e5050656affb7890a1583f5e02a306"},
    {file = "cryptography-41.0.3-cp37-abi3-win_amd64.whl", hash = "sha256:a983e441a00a9d57a4d7c91b3116a37ae602907a7618b882c8013b5762e80574"},
    {file = "cryptography-41.0.3-pp310-pypy310_pp73-macosx_10_12_x86_64.whl", hash = "sha256:5259cb659aa43005eb55a0e4ff2c825ca111a0da1814202c64d28a985d33b087"},
    {file = "cryptography-41.0.3-pp310-pypy310_pp73-manylinux_2_28_aarch64.whl", hash = "sha256:67e120e9a577c64fe1f611e53b30b3e69744e5910ff3b6e97e935aeb96005858"},
    {file = "cryptography-41.0.3-pp310-pypy310_pp73-manylinux_2_28_x86_64.whl", hash = "sha256:7efe8041897fe7a50863e51b77789b657a133c75c3b094e51b5e4b5cec7bf906"},
    {file = "cryptography-41.0.3-pp310-pypy310_pp73-win_amd64.whl", hash = "sha256:ce785cf81a7bdade534297ef9e490ddff800d956625020ab2ec2780a556c313e"},
    {file = "cryptography-41.0.3-pp38-pypy38_pp73-macosx_10_12_x86_64.whl", hash = "sha256:57a51b89f954f216a81c9d057bf1a24e2f36e764a1ca9a501a6964eb4a6800dd"},
    {file = "cryptography-41.0.3-pp38-pypy38_pp73-manylinux_2_28_aarch64.whl", hash = "sha256:4c2f0d35703d61002a2bbdcf15548ebb701cfdd83cdc12471d2bae80878a4207"},
    {file = "cryptography-41.0.3-pp38-pypy38_pp73-manylinux_2_28_x86_64.whl", hash = "sha256:23c2d778cf829f7d0ae180600b17e9fceea3c2ef8b31a99e3c694cbbf3a24b84"},
    {file = "cryptography-41.0.3-pp38-pypy38_pp73-win_amd64.whl", hash = "sha256:95dd7f261bb76948b52a5330ba5202b91a26fbac13ad0e9fc8a3ac04752058c7"},
    {file = "cryptography-41.0.3-pp39-pypy39_pp73-macosx_10_12_x86_64.whl", hash = "sha256:41d7aa7cdfded09b3d73a47f429c298e80796c8e825ddfadc84c8a7f12df212d"},
    {file = "cryptography-41.0.3-pp39-pypy39_pp73-manylinux_2_28_aarch64.whl", hash = "sha256:d0d651aa754ef58d75cec6edfbd21259d93810b73f6ec246436a21b7841908de"},
    {file = "cryptography-41.0.3-pp39-pypy39_pp73-manylinux_2_28_x86_64.whl", hash = "sha256:ab8de0d091acbf778f74286f4989cf3d1528336af1b59f3e5d2ebca8b5fe49e1"},
    {file = "cryptography-41.0.3-pp39-pypy39_pp73-win_amd64.whl", hash = "sha256:a74fbcdb2a0d46fe00504f571a2a540532f4c188e6ccf26f1f178480117b33c4"},
    {file = "cryptography-41.0.3.tar.gz", hash = "sha256:6d192741113ef5e30d89dcb5b956ef4e1578f304708701b8b73d38e3e1461f34"},
]

[package.dependencies]
cffi = ">=1.12"

[package.extras]
docs = ["sphinx (>=5.3.0)", "sphinx-rtd-theme (>=1.1.1)"]
docstest = ["pyenchant (>=1.6.11)", "sphinxcontrib-spelling (>=4.0.1)", "twine (>=1.12.0)"]
nox = ["nox"]
pep8test = ["black", "check-sdist", "mypy", "ruff"]
sdist = ["build"]
ssh = ["bcrypt (>=3.1.5)"]
test = ["pretend", "pytest (>=6.2.0)", "pytest-benchmark", "pytest-cov", "pytest-xdist"]
test-randomorder = ["pytest-randomly"]

[[package]]
name = "future"
version = "0.17.1"
description = "Clean single-source support for Python 3 and 2"
optional = false
python-versions = ">=2.6, !=3.0.*, !=3.1.*, !=3.2.*"
files = [
    {file = "future-0.17.1.tar.gz", hash = "sha256:67045236dcfd6816dc439556d009594abf643e5eb48992e36beac09c2ca659b8"},
]

[[package]]
name = "pycparser"
version = "2.19"
description = "C parser in Python"
optional = false
python-versions = ">=2.7, !=3.0.*, !=3.1.*, !=3.2.*, !=3.3.*"
files = [
    {file = "pycparser-2.19.tar.gz", hash = "sha256:a988718abfad80b6b157acce7bf130a30876d27603738ac39f140993246b25b3"},
]

[[package]]
name = "python-telegram-bot"
version = "12.0.0b1"
description = "We have made you a wrapper you can't refuse"
optional = false
python-versions = "*"
files = [
    {file = "python-telegram-bot-12.0.0b1.tar.gz", hash = "sha256:a5a520ac3fbfda0f35ecfe3c953a2e220a4ef8a03e6117b46bd24d75580bd277"},
    {file = "python_telegram_bot-12.0.0b1-py2.py3-none-any.whl", hash = "sha256:29f7397ef7c697bc8a3bef3c26895879258d7a8257daf535259a2dd12b8a0f67"},
]

[package.dependencies]
certifi = "*"
cryptography = "*"
future = ">=0.16.0"
tornado = ">=5.1"

[package.extras]
json = ["ujson"]
socks = ["PySocks"]

[[package]]
name = "tornado"
version = "6.0.2"
description = "Tornado is a Python web framework and asynchronous networking library, originally developed at FriendFeed."
optional = false
python-versions = ">= 3.5"
files = [
    {file = "tornado-6.0.2-cp35-cp35m-win32.whl", hash = "sha256:44b82bc1146a24e5b9853d04c142576b4e8fa7a92f2e30bc364a85d1f75c4de2"},
    {file = "tornado-6.0.2-cp35-cp35m-win_amd64.whl", hash = "sha256:2613fab506bd2aedb3722c8c64c17f8f74f4070afed6eea17f20b2115e445aec"},
    {file = "tornado-6.0.2-cp36-cp36m-win32.whl", hash = "sha256:8c2f40b99a8153893793559919a355d7b74649a11e59f411b0b0a1793e160bc0"},
    {file = "tornado-6.0.2-cp36-cp36m-win_amd64.whl", hash = "sha256:e1d897889c3b5a829426b7d52828fb37b28bc181cd598624e65c8be40ee3f7fa"},
    {file = "tornado-6.0.2-cp37-cp37m-win32.whl", hash = "sha256:49603e1a6e24104961497ad0c07c799aec1caac7400a6762b687e74c8206677d"},
    {file = "tornado-6.0.2-cp37-cp37m-win_amd64.whl", hash = "sha256:1174dcb84d08887b55defb2cda1986faeeea715fff189ef3dc44cce99f5fca6b"},
    {file = "tornado-6.0.2.tar.gz", hash = "sha256:457fcbee4df737d2defc181b9073758d73f54a6cfc1f280533ff48831b39f4a8"},
]

[metadata]
lock-version = "2.0"
python-versions = "^3.7"
content-hash = "21224c89008f22013e586f0cdf1b6a127ee7a4120373d2998a72717117080df0"
