# This file is automatically @generated by Poetry 1.5.1 and should not be changed by hand.

[[package]]
name = "asn1crypto"
version = "0.24.0"
description = "Fast ASN.1 parser and serializer with definitions for private keys, public keys, certificates, CRL, OCSP, CMS, PKCS#3, PKCS#7, PKCS#8, PKCS#12, PKCS#5, X.509 and TSP"
optional = false
python-versions = "*"
files = [
    {file = "asn1crypto-0.24.0-py2.py3-none-any.whl", hash = "sha256:2f1adbb7546ed199e3c90ef23ec95c5cf3585bac7d11fb7eb562a3fe89c64e87"},
    {file = "asn1crypto-0.24.0.tar.gz", hash = "sha256:9d5c20441baf0cb60a4ac34cc447c6c189024b6b4c6cd7877034f4965c464e49"},
]

[[package]]
name = "certifi"
version = "2023.7.22"
description = "Python package for providing Mozilla's CA Bundle."
optional = false
python-versions = ">=3.6"
files = [
    {file = "certifi-2023.7.22-py3-none-any.whl", hash = "sha256:92d6037539857d8206b8f6ae472e8b77db8058fec5937a1ef3f54304089edbb9"},
    {file = "certifi-2023.7.22.tar.gz", hash = "sha256:539cc1d13202e33ca466e88b2807e29f4c13049d6d87031a3c110744495cb082"},
]

[[package]]
name = "cffi"
version = "1.12.2"
description = "Foreign Function Interface for Python calling C code."
optional = false
python-versions = "*"
files = [
    {file = "cffi-1.12.2-cp27-cp27m-macosx_10_6_intel.whl", hash = "sha256:fb6934ef4744becbda3143d30c6604718871495a5e36c408431bf33d9c146889"},
    {file = "cffi-1.12.2-cp27-cp27m-manylinux1_i686.whl", hash = "sha256:e21162bf941b85c0cda08224dade5def9360f53b09f9f259adb85fc7dd0e7b35"},
    {file = "cffi-1.12.2-cp27-cp27m-manylinux1_x86_64.whl", hash = "sha256:2f9089979d7456c74d21303c7851f158833d48fb265876923edcb2d0194104ed"},
    {file = "cffi-1.12.2-cp27-cp27m-win32.whl", hash = "sha256:c2e1f2012e56d61390c0e668c20c4fb0ae667c44d6f6a2eeea5d7148dcd3df9f"},
    {file = "cffi-1.12.2-cp27-cp27m-win_amd64.whl", hash = "sha256:0bffb69da295a4fc3349f2ec7cbe16b8ba057b0a593a92cbe8396e535244ee9d"},
    {file = "cffi-1.12.2-cp27-cp27mu-manylinux1_i686.whl", hash = "sha256:2eac2cdd07b9049dd4e68449b90d3ef1adc7c759463af5beb53a84f1db62e36c"},
    {file = "cffi-1.12.2-cp27-cp27mu-manylinux1_x86_64.whl", hash = "sha256:8fc7a49b440ea752cfdf1d51a586fd08d395ff7a5d555dc69e84b1939f7ddee3"},
    {file = "cffi-1.12.2-cp34-cp34m-macosx_10_6_intel.whl", hash = "sha256:59888faac06403767c0cf8cfb3f4a777b2939b1fbd9f729299b5384f097f05ea"},
    {file = "cffi-1.12.2-cp34-cp34m-manylinux1_i686.whl", hash = "sha256:71e1296d5e66c59cd2c0f2d72dc476d42afe02aeddc833d8e05630a0551dad7a"},
    {file = "cffi-1.12.2-cp34-cp34m-manylinux1_x86_64.whl", hash = "sha256:9c759051ebcb244d9d55ee791259ddd158188d15adee3c152502d3b69005e6bd"},
    {file = "cffi-1.12.2-cp34-cp34m-win32.whl", hash = "sha256:0ba1b0c90f2124459f6966a10c03794082a2f3985cd699d7d63c4a8dae113e11"},
    {file = "cffi-1.12.2-cp34-cp34m-win_amd64.whl", hash = "sha256:51a4ba1256e9003a3acf508e3b4f4661bebd015b8180cc31849da222426ef585"},
    {file = "cffi-1.12.2-cp35-cp35m-macosx_10_6_intel.whl", hash = "sha256:59c87886640574d8b14910840327f5cd15954e26ed0bbd4e7cef95fa5aef218f"},
    {file = "cffi-1.12.2-cp35-cp35m-manylinux1_i686.whl", hash = "sha256:2e4812f7fa984bf1ab253a40f1f4391b604f7fc424a3e21f7de542a7f8f7aedf"},
    {file = "cffi-1.12.2-cp35-cp35m-manylinux1_x86_64.whl", hash = "sha256:4065c32b52f4b142f417af6f33a5024edc1336aa845b9d5a8d86071f6fcaac5a"},
    {file = "cffi-1.12.2-cp35-cp35m-win32.whl", hash = "sha256:c37c77d6562074452120fc6c02ad86ec928f5710fbc435a181d69334b4de1d84"},
    {file = "cffi-1.12.2-cp35-cp35m-win_amd64.whl", hash = "sha256:70aeadeecb281ea901bf4230c6222af0248c41044d6f57401a614ea59d96d145"},
    {file = "cffi-1.12.2-cp36-cp36m-macosx_10_6_intel.whl", hash = "sha256:3dd13feff00bddb0bd2d650cdb7338f815c1789a91a6f68fdc00e5c5ed40329b"},
    {file = "cffi-1.12.2-cp36-cp36m-manylinux1_i686.whl", hash = "sha256:cbeeef1dc3c4299bd746b774f019de9e4672f7cc666c777cd5b409f0b746dac7"},
    {file = "cffi-1.12.2-cp36-cp36m-manylinux1_x86_64.whl", hash = "sha256:c8149780c60f8fd02752d0429246088c6c04e234b895c4a42e1ea9b4de8d27fb"},
    {file = "cffi-1.12.2-cp36-cp36m-win32.whl", hash = "sha256:610fc7d6db6c56a244c2701575f6851461753c60f73f2de89c79bbf1cc807f33"},
    {file = "cffi-1.12.2-cp36-cp36m-win_amd64.whl", hash = "sha256:00b97afa72c233495560a0793cdc86c2571721b4271c0667addc83c417f3d90f"},
    {file = "cffi-1.12.2-cp37-cp37m-macosx_10_9_x86_64.whl", hash = "sha256:b4f1d6332339ecc61275bebd1f7b674098a66fea11a00c84d1c58851e618dc0d"},
    {file = "cffi-1.12.2-cp37-cp37m-manylinux1_i686.whl", hash = "sha256:21469a2b1082088d11ccd79dd84157ba42d940064abbfa59cf5f024c19cf4891"},
    {file = "cffi-1.12.2-cp37-cp37m-manylinux1_x86_64.whl", hash = "sha256:b4d1011fec5ec12aa7cc10c05a2f2f12dfa0adfe958e56ae38dc140614035804"},
    {file = "cffi-1.12.2-cp37-cp37m-win32.whl", hash = "sha256:c030cda3dc8e62b814831faa4eb93dd9a46498af8cd1d5c178c2de856972fd92"},
    {file = "cffi-1.12.2-cp37-cp37m-win_amd64.whl", hash = "sha256:9b5c2afd2d6e3771d516045a6cfa11a8da9a60e3d128746a7fe9ab36dfe7221f"},
    {file = "cffi-1.12.2.tar.gz", hash = "sha256:e113878a446c6228669144ae8a56e268c91b7f1fafae927adc4879d9849e0ea7"},
]

[package.dependencies]
pycparser = "*"

[[package]]
name = "cryptography"
version = "2.6.1"
description = "cryptography is a package which provides cryptographic recipes and primitives to Python developers."
optional = false
python-versions = ">=2.7,!=3.0.*,!=3.1.*,!=3.2.*,!=3.3.*"
files = [
    {file = "cryptography-2.6.1-cp27-cp27m-macosx_10_6_intel.whl", hash = "sha256:6b9e0ae298ab20d371fc26e2129fd683cfc0cfde4d157c6341722de645146537"},
    {file = "cryptography-2.6.1-cp27-cp27m-manylinux1_i686.whl", hash = "sha256:9b069768c627f3f5623b1cbd3248c5e7e92aec62f4c98827059eed7053138cc9"},
    {file = "cryptography-2.6.1-cp27-cp27m-manylinux1_x86_64.whl", hash = "sha256:9873a1760a274b620a135054b756f9f218fa61ca030e42df31b409f0fb738b6c"},
    {file = "cryptography-2.6.1-cp27-cp27m-win32.whl", hash = "sha256:210210d9df0afba9e000636e97810117dc55b7157c903a55716bb73e3ae07705"},
    {file = "cryptography-2.6.1-cp27-cp27m-win_amd64.whl", hash = "sha256:409c4653e0f719fa78febcb71ac417076ae5e20160aec7270c91d009837b9151"},
    {file = "cryptography-2.6.1-cp27-cp27mu-manylinux1_i686.whl", hash = "sha256:acb424eaca214cb08735f1a744eceb97d014de6530c1ea23beb86d9c6f13c2ad"},
    {file = "cryptography-2.6.1-cp27-cp27mu-manylinux1_x86_64.whl", hash = "sha256:2db34e5c45988f36f7a08a7ab2b69638994a8923853dec2d4af121f689c66dc8"},
    {file = "cryptography-2.6.1-cp34-abi3-macosx_10_6_intel.whl", hash = "sha256:d4afbb0840f489b60f5a580a41a1b9c3622e08ecb5eec8614d4fb4cd914c4460"},
    {file = "cryptography-2.6.1-cp34-abi3-manylinux1_i686.whl", hash = "sha256:9e4ce27a507e4886efbd3c32d120db5089b906979a4debf1d5939ec01b9dd6c5"},
    {file = "cryptography-2.6.1-cp34-abi3-manylinux1_x86_64.whl", hash = "sha256:45a4f4cf4f4e6a55c8128f8b76b4c057027b27d4c67e3fe157fa02f27e37830d"},
    {file = "cryptography-2.6.1-cp34-cp34m-win32.whl", hash = "sha256:6c4778afe50f413707f604828c1ad1ff81fadf6c110cb669579dea7e2e98a75e"},
    {file = "cryptography-2.6.1-cp34-cp34m-win_amd64.whl", hash = "sha256:e603aa7bb52e4e8ed4119a58a03b60323918467ef209e6ff9db3ac382e5cf2c6"},
    {file = "cryptography-2.6.1-cp35-cp35m-win32.whl", hash = "sha256:066f815f1fe46020877c5983a7e747ae140f517f1b09030ec098503575265ce1"},
    {file = "cryptography-2.6.1-cp35-cp35m-win_amd64.whl", hash = "sha256:48eab46ef38faf1031e58dfcc9c3e71756a1108f4c9c966150b605d4a1a7f659"},
    {file = "cryptography-2.6.1-cp36-cp36m-win32.whl", hash = "sha256:d9ed28030797c00f4bc43c86bf819266c76a5ea61d006cd4078a93ebf7da6bfd"},
    {file = "cryptography-2.6.1-cp36-cp36m-win_amd64.whl", hash = "sha256:8c33fb99025d353c9520141f8bc989c2134a1f76bac6369cea060812f5b5c2bb"},
    {file = "cryptography-2.6.1-cp37-cp37m-win32.whl", hash = "sha256:c8181c7d77388fe26ab8418bb088b1a1ef5fde058c6926790c8a0a3d94075a4a"},
    {file = "cryptography-2.6.1-cp37-cp37m-win_amd64.whl", hash = "sha256:2afb83308dc5c5255149ff7d3fb9964f7c9ee3d59b603ec18ccf5b0a8852e2b1"},
    {file = "cryptography-2.6.1.tar.gz", hash = "sha256:26c821cbeb683facb966045e2064303029d572a87ee69ca5a1bf54bf55f93ca6"},
]

[package.dependencies]
asn1crypto = ">=0.21.0"
cffi = ">=1.8,<1.11.3 || >1.11.3"
six = ">=1.4.1"

[package.extras]
docs = ["sphinx (>=1.6.5,!=1.8.0)", "sphinx-rtd-theme"]
docstest = ["doc8", "pyenchant (>=1.6.11)", "sphinxcontrib-spelling (>=4.0.1)", "twine (>=1.12.0)"]
idna = ["idna (>=2.1)"]
pep8test = ["flake8", "flake8-import-order", "pep8-naming"]
test = ["cryptography-vectors (==2.6.1)", "hypothesis (>=1.11.4,!=3.79.2)", "iso8601", "pretend", "pytest (>=3.6.0,!=3.9.0,!=3.9.1,!=3.9.2)", "pytz"]

[[package]]
name = "future"
version = "0.17.1"
description = "Clean single-source support for Python 3 and 2"
optional = false
python-versions = ">=2.6, !=3.0.*, !=3.1.*, !=3.2.*"
files = [
    {file = "future-0.17.1.tar.gz", hash = "sha256:67045236dcfd6816dc439556d009594abf643e5eb48992e36beac09c2ca659b8"},
]

[[package]]
name = "pycparser"
version = "2.19"
description = "C parser in Python"
optional = false
python-versions = ">=2.7, !=3.0.*, !=3.1.*, !=3.2.*, !=3.3.*"
files = [
    {file = "pycparser-2.19.tar.gz", hash = "sha256:a988718abfad80b6b157acce7bf130a30876d27603738ac39f140993246b25b3"},
]

[[package]]
name = "python-telegram-bot"
version = "12.0.0b1"
description = "We have made you a wrapper you can't refuse"
optional = false
python-versions = "*"
files = [
    {file = "python-telegram-bot-12.0.0b1.tar.gz", hash = "sha256:a5a520ac3fbfda0f35ecfe3c953a2e220a4ef8a03e6117b46bd24d75580bd277"},
    {file = "python_telegram_bot-12.0.0b1-py2.py3-none-any.whl", hash = "sha256:29f7397ef7c697bc8a3bef3c26895879258d7a8257daf535259a2dd12b8a0f67"},
]

[package.dependencies]
certifi = "*"
cryptography = "*"
future = ">=0.16.0"
tornado = ">=5.1"

[package.extras]
json = ["ujson"]
socks = ["PySocks"]

[[package]]
name = "six"
version = "1.12.0"
description = "Python 2 and 3 compatibility utilities"
optional = false
python-versions = ">=2.6, !=3.0.*, !=3.1.*"
files = [
    {file = "six-1.12.0-py2.py3-none-any.whl", hash = "sha256:3350809f0555b11f552448330d0b52d5f24c91a322ea4a15ef22629740f3761c"},
    {file = "six-1.12.0.tar.gz", hash = "sha256:d16a0141ec1a18405cd4ce8b4613101da75da0e9a7aec5bdd4fa804d0e0eba73"},
]

[[package]]
name = "tornado"
version = "6.0.2"
description = "Tornado is a Python web framework and asynchronous networking library, originally developed at FriendFeed."
optional = false
python-versions = ">= 3.5"
files = [
    {file = "tornado-6.0.2-cp35-cp35m-win32.whl", hash = "sha256:44b82bc1146a24e5b9853d04c142576b4e8fa7a92f2e30bc364a85d1f75c4de2"},
    {file = "tornado-6.0.2-cp35-cp35m-win_amd64.whl", hash = "sha256:2613fab506bd2aedb3722c8c64c17f8f74f4070afed6eea17f20b2115e445aec"},
    {file = "tornado-6.0.2-cp36-cp36m-win32.whl", hash = "sha256:8c2f40b99a8153893793559919a355d7b74649a11e59f411b0b0a1793e160bc0"},
    {file = "tornado-6.0.2-cp36-cp36m-win_amd64.whl", hash = "sha256:e1d897889c3b5a829426b7d52828fb37b28bc181cd598624e65c8be40ee3f7fa"},
    {file = "tornado-6.0.2-cp37-cp37m-win32.whl", hash = "sha256:49603e1a6e24104961497ad0c07c799aec1caac7400a6762b687e74c8206677d"},
    {file = "tornado-6.0.2-cp37-cp37m-win_amd64.whl", hash = "sha256:1174dcb84d08887b55defb2cda1986faeeea715fff189ef3dc44cce99f5fca6b"},
    {file = "tornado-6.0.2.tar.gz", hash = "sha256:457fcbee4df737d2defc181b9073758d73f54a6cfc1f280533ff48831b39f4a8"},
]

[metadata]
lock-version = "2.0"
python-versions = "^3.7"
content-hash = "21224c89008f22013e586f0cdf1b6a127ee7a4120373d2998a72717117080df0"
